dependencies:
- name: kata-deploy
  repository: oci://ghcr.io/kata-containers/kata-deploy-charts
  version: 3.28.0
- name: peerpods
  repository: oci://ghcr.io/confidential-containers/cloud-api-adaptor/charts
  version: 0.1.3
digest: sha256:76f3558afa2c07bbe4a88275fcf6b4e796e9edce2750f79a5cf149fcaa04b50a
generated: "2026-03-26T09:17:04.812451867-04:00"
