dependencies:
- name: kata-deploy
  repository: oci://ghcr.io/kata-containers/kata-deploy-charts
  version: 3.28.0
- name: peerpods
  repository: oci://ghcr.io/confidential-containers/cloud-api-adaptor/charts
  version: 0.1.1
digest: sha256:a2d811e402e241ff36f5e19ac5fad1bccd97ff91e8ce35f9afa8e0846d205498
generated: "2026-03-23T08:23:27.845554407+01:00"
