dependencies:
- name: kata-deploy
  repository: oci://ghcr.io/kata-containers/kata-deploy-charts
  version: 4.2.0
- name: peerpods
  repository: oci://ghcr.io/confidential-containers/cloud-api-adaptor/charts
  version: 0.5.0
digest: sha256:1f83d4d773220f6211d862ffd5552531b8b053003a2e182d04dff0a3fa94116f
generated: "2026-09-23T11:13:27.855052+01:00"
